
Microsoft Visual Studio Solution File, Format Version 12.00
# Visual Studio 15
VisualStudioVersion = 15.0.28307.329
MinimumVisualStudioVersion = 10.0.40219.1
Project("{FAE04EC0-301F-11D3-BF4B-00C04F79EFBC}") = "InterfaceUiTestLib", "InterfaceUiTestLib\InterfaceUiTestLib.csproj", "{CCE9FC11-B704-4DB6-AA58-055E1F1263D1}"
EndProject
Global
	GlobalSection(SolutionConfigurationPlatforms) = preSolution
		Debug|Any CPU = Debug|Any CPU
		Release|Any CPU = Release|Any CPU
	EndGlobalSection
	GlobalSection(ProjectConfigurationPlatforms) = postSolution
		{CCE9FC11-B704-4DB6-AA58-055E1F1263D1}.Debug|Any CPU.ActiveCfg = Debug|Any CPU
		{CCE9FC11-B704-4DB6-AA58-055E1F1263D1}.Debug|Any CPU.Build.0 = Debug|Any CPU
		{CCE9FC11-B704-4DB6-AA58-055E1F1263D1}.Release|Any CPU.ActiveCfg = Release|Any CPU
		{CCE9FC11-B704-4DB6-AA58-055E1F1263D1}.Release|Any CPU.Build.0 = Release|Any CPU
	EndGlobalSection
	GlobalSection(SolutionProperties) = preSolution
		HideSolutionNode = FALSE
	EndGlobalSection
	GlobalSection(ExtensibilityGlobals) = postSolution
		SolutionGuid = {56EE0F24-26F1-4A54-B547-C25569E3508F}
	EndGlobalSection
EndGlobal
